
Microsoft Visual Studio Solution File, Format Version 12.00
# Visual Studio Version 17
VisualStudioVersion = 17.9.34616.47
MinimumVisualStudioVersion = 10.0.40219.1
Project("{9A19103F-16F7-4668-BE54-9A1E7A4F7556}") = "Domain", "Domain\Domain.csproj", "{32B6C44A-C853-421F-AA2F-B466D72A99FE}"
EndProject
Project("{9A19103F-16F7-4668-BE54-9A1E7A4F7556}") = "Infrastructure", "Infrastructure\Infrastructure.csproj", "{8832BAC8-1A6E-4318-8B92-B2405CDA0D88}"
EndProject
Project("{9A19103F-16F7-4668-BE54-9A1E7A4F7556}") = "Api", "Api\Api.csproj", "{A19DCD29-47C8-4790-8150-94BD4E47879B}"
EndProject
Project("{FAE04EC0-301F-11D3-BF4B-00C04F79EFBC}") = "Contracts", "Contracts\Contracts.csproj", "{49651DC5-0F2B-44ED-9D4D-791E5EC51A9A}"
EndProject
Global
	GlobalSection(SolutionConfigurationPlatforms) = preSolution
		Debug|Any CPU = Debug|Any CPU
		Release|Any CPU = Release|Any CPU
	EndGlobalSection
	GlobalSection(ProjectConfigurationPlatforms) = postSolution
		{32B6C44A-C853-421F-AA2F-B466D72A99FE}.Debug|Any CPU.ActiveCfg = Debug|Any CPU
		{32B6C44A-C853-421F-AA2F-B466D72A99FE}.Debug|Any CPU.Build.0 = Debug|Any CPU
		{32B6C44A-C853-421F-AA2F-B466D72A99FE}.Release|Any CPU.ActiveCfg = Release|Any CPU
		{32B6C44A-C853-421F-AA2F-B466D72A99FE}.Release|Any CPU.Build.0 = Release|Any CPU
		{8832BAC8-1A6E-4318-8B92-B2405CDA0D88}.Debug|Any CPU.ActiveCfg = Debug|Any CPU
		{8832BAC8-1A6E-4318-8B92-B2405CDA0D88}.Debug|Any CPU.Build.0 = Debug|Any CPU
		{8832BAC8-1A6E-4318-8B92-B2405CDA0D88}.Release|Any CPU.ActiveCfg = Release|Any CPU
		{8832BAC8-1A6E-4318-8B92-B2405CDA0D88}.Release|Any CPU.Build.0 = Release|Any CPU
		{A19DCD29-47C8-4790-8150-94BD4E47879B}.Debug|Any CPU.ActiveCfg = Debug|Any CPU
		{A19DCD29-47C8-4790-8150-94BD4E47879B}.Debug|Any CPU.Build.0 = Debug|Any CPU
		{A19DCD29-47C8-4790-8150-94BD4E47879B}.Release|Any CPU.ActiveCfg = Release|Any CPU
		{A19DCD29-47C8-4790-8150-94BD4E47879B}.Release|Any CPU.Build.0 = Release|Any CPU
		{49651DC5-0F2B-44ED-9D4D-791E5EC51A9A}.Debug|Any CPU.ActiveCfg = Debug|Any CPU
		{49651DC5-0F2B-44ED-9D4D-791E5EC51A9A}.Debug|Any CPU.Build.0 = Debug|Any CPU
		{49651DC5-0F2B-44ED-9D4D-791E5EC51A9A}.Release|Any CPU.ActiveCfg = Release|Any CPU
		{49651DC5-0F2B-44ED-9D4D-791E5EC51A9A}.Release|Any CPU.Build.0 = Release|Any CPU
	EndGlobalSection
	GlobalSection(SolutionProperties) = preSolution
		HideSolutionNode = FALSE
	EndGlobalSection
	GlobalSection(ExtensibilityGlobals) = postSolution
		SolutionGuid = {A193921F-86FF-400F-93F9-B8A36A173696}
	EndGlobalSection
EndGlobal
